
Microsoft Visual Studio Solution File, Format Version 12.00
# Visual Studio Version 17
VisualStudioVersion = 17.5.33414.496
MinimumVisualStudioVersion = 10.0.40219.1
Project("{FAE04EC0-301F-11D3-BF4B-00C04F79EFBC}") = "Pangea", "Pangea\Pangea.csproj", "{98E1A2B8-7FB2-4B9B-B048-5EB1B9E30431}"
EndProject
Project("{FAE04EC0-301F-11D3-BF4B-00C04F79EFBC}") = "Pangea.UnitTests", "Pangea.UnitTests\Pangea.UnitTests.csproj", "{E1216706-2AAF-4F6D-A15C-1635963CA65E}"
EndProject
Global
	GlobalSection(SolutionConfigurationPlatforms) = preSolution
		Debug|Any CPU = Debug|Any CPU
		Release|Any CPU = Release|Any CPU
	EndGlobalSection
	GlobalSection(ProjectConfigurationPlatforms) = postSolution
		{98E1A2B8-7FB2-4B9B-B048-5EB1B9E30431}.Debug|Any CPU.ActiveCfg = Debug|Any CPU
		{98E1A2B8-7FB2-4B9B-B048-5EB1B9E30431}.Debug|Any CPU.Build.0 = Debug|Any CPU
		{98E1A2B8-7FB2-4B9B-B048-5EB1B9E30431}.Release|Any CPU.ActiveCfg = Release|Any CPU
		{98E1A2B8-7FB2-4B9B-B048-5EB1B9E30431}.Release|Any CPU.Build.0 = Release|Any CPU
		{E1216706-2AAF-4F6D-A15C-1635963CA65E}.Debug|Any CPU.ActiveCfg = Debug|Any CPU
		{E1216706-2AAF-4F6D-A15C-1635963CA65E}.Debug|Any CPU.Build.0 = Debug|Any CPU
		{E1216706-2AAF-4F6D-A15C-1635963CA65E}.Release|Any CPU.ActiveCfg = Release|Any CPU
		{E1216706-2AAF-4F6D-A15C-1635963CA65E}.Release|Any CPU.Build.0 = Release|Any CPU
	EndGlobalSection
	GlobalSection(SolutionProperties) = preSolution
		HideSolutionNode = FALSE
	EndGlobalSection
	GlobalSection(ExtensibilityGlobals) = postSolution
		SolutionGuid = {1172DCD7-FB9E-4727-8F92-26AB825C3701}
	EndGlobalSection
EndGlobal
